
Microsoft Visual Studio Solution File, Format Version 12.00
# Visual Studio Version 16
VisualStudioVersion = 16.0.30907.101
MinimumVisualStudioVersion = 10.0.40219.1
Project("{FAE04EC0-301F-11D3-BF4B-00C04F79EFBC}") = "MapStats", "MapStats\MapStats.csproj", "{19BB71CD-BFA0-4D2A-B41B-5AE44117E3AF}"
EndProject
Global
	GlobalSection(SolutionConfigurationPlatforms) = preSolution
		Debug|Any CPU = Debug|Any CPU
		Release|Any CPU = Release|Any CPU
	EndGlobalSection
	GlobalSection(ProjectConfigurationPlatforms) = postSolution
		{19BB71CD-BFA0-4D2A-B41B-5AE44117E3AF}.Debug|Any CPU.ActiveCfg = Debug|Any CPU
		{19BB71CD-BFA0-4D2A-B41B-5AE44117E3AF}.Debug|Any CPU.Build.0 = Debug|Any CPU
		{19BB71CD-BFA0-4D2A-B41B-5AE44117E3AF}.Release|Any CPU.ActiveCfg = Release|Any CPU
		{19BB71CD-BFA0-4D2A-B41B-5AE44117E3AF}.Release|Any CPU.Build.0 = Release|Any CPU
	EndGlobalSection
	GlobalSection(SolutionProperties) = preSolution
		HideSolutionNode = FALSE
	EndGlobalSection
	GlobalSection(ExtensibilityGlobals) = postSolution
		SolutionGuid = {EB3C04F0-1F9C-42A7-82D7-EE0C17119D9C}
	EndGlobalSection
EndGlobal
